
Microsoft Visual Studio Solution File, Format Version 12.00
# Visual Studio Version 17
VisualStudioVersion = 17.5.33424.131
MinimumVisualStudioVersion = 10.0.40219.1
Project("{9A19103F-16F7-4668-BE54-9A1E7A4F7556}") = "MeiShop", "MeiShop\MeiShop.csproj", "{D5E64A2E-9FF5-485B-BA50-3F174E803520}"
EndProject
Project("{9A19103F-16F7-4668-BE54-9A1E7A4F7556}") = "IEGEasyCreditcardService", "IEGEasyCreditcardService\IEGEasyCreditcardService.csproj", "{9E6ED9F0-D1FE-4377-9D26-7CEAB07E2D95}"
EndProject
Global
	GlobalSection(SolutionConfigurationPlatforms) = preSolution
		Debug|Any CPU = Debug|Any CPU
		Release|Any CPU = Release|Any CPU
	EndGlobalSection
	GlobalSection(ProjectConfigurationPlatforms) = postSolution
		{D5E64A2E-9FF5-485B-BA50-3F174E803520}.Debug|Any CPU.ActiveCfg = Debug|Any CPU
		{D5E64A2E-9FF5-485B-BA50-3F174E803520}.Debug|Any CPU.Build.0 = Debug|Any CPU
		{D5E64A2E-9FF5-485B-BA50-3F174E803520}.Release|Any CPU.ActiveCfg = Release|Any CPU
		{D5E64A2E-9FF5-485B-BA50-3F174E803520}.Release|Any CPU.Build.0 = Release|Any CPU
		{9E6ED9F0-D1FE-4377-9D26-7CEAB07E2D95}.Debug|Any CPU.ActiveCfg = Debug|Any CPU
		{9E6ED9F0-D1FE-4377-9D26-7CEAB07E2D95}.Debug|Any CPU.Build.0 = Debug|Any CPU
		{9E6ED9F0-D1FE-4377-9D26-7CEAB07E2D95}.Release|Any CPU.ActiveCfg = Release|Any CPU
		{9E6ED9F0-D1FE-4377-9D26-7CEAB07E2D95}.Release|Any CPU.Build.0 = Release|Any CPU
	EndGlobalSection
	GlobalSection(SolutionProperties) = preSolution
		HideSolutionNode = FALSE
	EndGlobalSection
	GlobalSection(ExtensibilityGlobals) = postSolution
		SolutionGuid = {0366AA45-5E60-4530-8058-18D1B99477D9}
	EndGlobalSection
EndGlobal
